
Microsoft Visual Studio Solution File, Format Version 12.00
# Visual Studio Version 17
VisualStudioVersion = 17.5.002.0
MinimumVisualStudioVersion = 10.0.40219.1
Project("{9A19103F-16F7-4668-BE54-9A1E7A4F7556}") = "Baudot", "src\Baudot.csproj", "{49B46E99-886A-4A12-9AE7-83E158B612BE}"
EndProject
Global
	GlobalSection(SolutionConfigurationPlatforms) = preSolution
		Debug|Any CPU = Debug|Any CPU
		Release|Any CPU = Release|Any CPU
	EndGlobalSection
	GlobalSection(ProjectConfigurationPlatforms) = postSolution
		{49B46E99-886A-4A12-9AE7-83E158B612BE}.Debug|Any CPU.ActiveCfg = Debug|Any CPU
		{49B46E99-886A-4A12-9AE7-83E158B612BE}.Debug|Any CPU.Build.0 = Debug|Any CPU
		{49B46E99-886A-4A12-9AE7-83E158B612BE}.Release|Any CPU.ActiveCfg = Release|Any CPU
		{49B46E99-886A-4A12-9AE7-83E158B612BE}.Release|Any CPU.Build.0 = Release|Any CPU
	EndGlobalSection
	GlobalSection(SolutionProperties) = preSolution
		HideSolutionNode = FALSE
	EndGlobalSection
	GlobalSection(ExtensibilityGlobals) = postSolution
		SolutionGuid = {0EF52017-8096-4E18-A048-85F226E5A1BA}
	EndGlobalSection
EndGlobal
